// !$*UTF8*$!
{
	archiveVersion = 1;
	classes = {
	};
	objectVersion = 46;
	objects = {

/* Begin PBXBuildFile section */
		00D1F01E19AB9FF400553064 /* Foundation.framework in Frameworks */ = {isa = PBXBuildFile; fileRef = 00D1F01D19AB9FF400553064 /* Foundation.framework */; };
		00D1F02019AB9FF400553064 /* CoreGraphics.framework in Frameworks */ = {isa = PBXBuildFile; fileRef = 00D1F01F19AB9FF400553064 /* CoreGraphics.framework */; };
		00D1F02219AB9FF400553064 /* UIKit.framework in Frameworks */ = {isa = PBXBuildFile; fileRef = 00D1F02119AB9FF400553064 /* UIKit.framework */; };
		00D1F02819AB9FF400553064 /* InfoPlist.strings in Resources */ = {isa = PBXBuildFile; fileRef = 00D1F02619AB9FF400553064 /* InfoPlist.strings */; };
		00D1F02A19AB9FF400553064 /* main.m in Sources */ = {isa = PBXBuildFile; fileRef = 00D1F02919AB9FF400553064 /* main.m */; };
		00D1F02E19AB9FF400553064 /* GLAppDelegate.m in Sources */ = {isa = PBXBuildFile; fileRef = 00D1F02D19AB9FF400553064 /* GLAppDelegate.m */; };
		00D1F03119AB9FF400553064 /* Main.storyboard in Resources */ = {isa = PBXBuildFile; fileRef = 00D1F02F19AB9FF400553064 /* Main.storyboard */; };
		00D1F03419AB9FF400553064 /* GLViewController.m in Sources */ = {isa = PBXBuildFile; fileRef = 00D1F03319AB9FF400553064 /* GLViewController.m */; };
		00D1F03619AB9FF400553064 /* Images.xcassets in Resources */ = {isa = PBXBuildFile; fileRef = 00D1F03519AB9FF400553064 /* Images.xcassets */; };
		00D1F03D19AB9FF400553064 /* XCTest.framework in Frameworks */ = {isa = PBXBuildFile; fileRef = 00D1F03C19AB9FF400553064 /* XCTest.framework */; };
		00D1F03E19AB9FF400553064 /* Foundation.framework in Frameworks */ = {isa = PBXBuildFile; fileRef = 00D1F01D19AB9FF400553064 /* Foundation.framework */; };
		00D1F03F19AB9FF400553064 /* UIKit.framework in Frameworks */ = {isa = PBXBuildFile; fileRef = 00D1F02119AB9FF400553064 /* UIKit.framework */; };
		00D1F04719AB9FF400553064 /* InfoPlist.strings in Resources */ = {isa = PBXBuildFile; fileRef = 00D1F04519AB9FF400553064 /* InfoPlist.strings */; };
		00D1F04919AB9FF400553064 /* Pirate_AdventureTests.m in Sources */ = {isa = PBXBuildFile; fileRef = 00D1F04819AB9FF400553064 /* Pirate_AdventureTests.m */; };
/* End PBXBuildFile section */

/* Begin PBXContainerItemProxy section */
		00D1F04019AB9FF400553064 /* PBXContainerItemProxy */ = {
			isa = PBXContainerItemProxy;
			containerPortal = 00D1F01219AB9FF400553064 /* Project object */;
			proxyType = 1;
			remoteGlobalIDString = 00D1F01919AB9FF400553064;
			remoteInfo = "Pirate Adventure";
		};
/* End PBXContainerItemProxy section */

/* Begin PBXFileReference section */
		00D1F01A19AB9FF400553064 /* Pirate Adventure.app */ = {isa = PBXFileReference; explicitFileType = wrapper.application; includeInIndex = 0; path = "Pirate Adventure.app"; sourceTree = BUILT_PRODUCTS_DIR; };
		00D1F01D19AB9FF400553064 /* Foundation.framework */ = {isa = PBXFileReference; lastKnownFileType = wrapper.framework; name = Foundation.framework; path = System/Library/Frameworks/Foundation.framework; sourceTree = SDKROOT; };
		00D1F01F19AB9FF400553064 /* CoreGraphics.framework */ = {isa = PBXFileReference; lastKnownFileType = wrapper.framework; name = CoreGraphics.framework; path = System/Library/Frameworks/CoreGraphics.framework; sourceTree = SDKROOT; };
		00D1F02119AB9FF400553064 /* UIKit.framework */ = {isa = PBXFileReference; lastKnownFileType = wrapper.framework; name = UIKit.framework; path = System/Library/Frameworks/UIKit.framework; sourceTree = SDKROOT; };
		00D1F02519AB9FF400553064 /* Pirate Adventure-Info.plist */ = {isa = PBXFileReference; lastKnownFileType = text.plist.xml; path = "Pirate Adventure-Info.plist"; sourceTree = "<group>"; };
		00D1F02719AB9FF400553064 /* en */ = {isa = PBXFileReference; lastKnownFileType = text.plist.strings; name = en; path = en.lproj/InfoPlist.strings; sourceTree = "<group>"; };
		00D1F02919AB9FF400553064 /* main.m */ = {isa = PBXFileReference; lastKnownFileType = sourcecode.c.objc; path = main.m; sourceTree = "<group>"; };
		00D1F02B19AB9FF400553064 /* Pirate Adventure-Prefix.pch */ = {isa = PBXFileReference; lastKnownFileType = sourcecode.c.h; path = "Pirate Adventure-Prefix.pch"; sourceTree = "<group>"; };
		00D1F02C19AB9FF400553064 /* GLAppDelegate.h */ = {isa = PBXFileReference; lastKnownFileType = sourcecode.c.h; path = GLAppDelegate.h; sourceTree = "<group>"; };
		00D1F02D19AB9FF400553064 /* GLAppDelegate.m */ = {isa = PBXFileReference; lastKnownFileType = sourcecode.c.objc; path = GLAppDelegate.m; sourceTree = "<group>"; };
		00D1F03019AB9FF400553064 /* Base */ = {isa = PBXFileReference; lastKnownFileType = file.storyboard; name = Base; path = Base.lproj/Main.storyboard; sourceTree = "<group>"; };
		00D1F03219AB9FF400553064 /* GLViewController.h */ = {isa = PBXFileReference; lastKnownFileType = sourcecode.c.h; path = GLViewController.h; sourceTree = "<group>"; };
		00D1F03319AB9FF400553064 /* GLViewController.m */ = {isa = PBXFileReference; lastKnownFileType = sourcecode.c.objc; path = GLViewController.m; sourceTree = "<group>"; };
		00D1F03519AB9FF400553064 /* Images.xcassets */ = {isa = PBXFileReference; lastKnownFileType = folder.assetcatalog; path = Images.xcassets; sourceTree = "<group>"; };
		00D1F03B19AB9FF400553064 /* Pirate AdventureTests.xctest */ = {isa = PBXFileReference; explicitFileType = wrapper.cfbundle; includeInIndex = 0; path = "Pirate AdventureTests.xctest"; sourceTree = BUILT_PRODUCTS_DIR; };
		00D1F03C19AB9FF400553064 /* XCTest.framework */ = {isa = PBXFileReference; lastKnownFileType = wrapper.framework; name = XCTest.framework; path = Library/Frameworks/XCTest.framework; sourceTree = DEVELOPER_DIR; };
		00D1F04419AB9FF400553064 /* Pirate AdventureTests-Info.plist */ = {isa = PBXFileReference; lastKnownFileType = text.plist.xml; path = "Pirate AdventureTests-Info.plist"; sourceTree = "<group>"; };
		00D1F04619AB9FF400553064 /* en */ = {isa = PBXFileReference; lastKnownFileType = text.plist.strings; name = en; path = en.lproj/InfoPlist.strings; sourceTree = "<group>"; };
		00D1F04819AB9FF400553064 /* Pirate_AdventureTests.m */ = {isa = PBXFileReference; lastKnownFileType = sourcecode.c.objc; path = Pirate_AdventureTests.m; sourceTree = "<group>"; };
/* End PBXFileReference section */

/* Begin PBXFrameworksBuildPhase section */
		00D1F01719AB9FF400553064 /* Frameworks */ = {
			isa = PBXFrameworksBuildPhase;
			buildActionMask = 2147483647;
			files = (
				00D1F02019AB9FF400553064 /* CoreGraphics.framework in Frameworks */,
				00D1F02219AB9FF400553064 /* UIKit.framework in Frameworks */,
				00D1F01E19AB9FF400553064 /* Foundation.framework in Frameworks */,
			);
			runOnlyForDeploymentPostprocessing = 0;
		};
		00D1F03819AB9FF400553064 /* Frameworks */ = {
			isa = PBXFrameworksBuildPhase;
			buildActionMask = 2147483647;
			files = (
				00D1F03D19AB9FF400553064 /* XCTest.framework in Frameworks */,
				00D1F03F19AB9FF400553064 /* UIKit.framework in Frameworks */,
				00D1F03E19AB9FF400553064 /* Foundation.framework in Frameworks */,
			);
			runOnlyForDeploymentPostprocessing = 0;
		};
/* End PBXFrameworksBuildPhase section */

/* Begin PBXGroup section */
		00D1F01119AB9FF400553064 = {
			isa = PBXGroup;
			children = (
				00D1F02319AB9FF400553064 /* Pirate Adventure */,
				00D1F04219AB9FF400553064 /* Pirate AdventureTests */,
				00D1F01C19AB9FF400553064 /* Frameworks */,
				00D1F01B19AB9FF400553064 /* Products */,
			);
			sourceTree = "<group>";
		};
		00D1F01B19AB9FF400553064 /* Products */ = {
			isa = PBXGroup;
			children = (
				00D1F01A19AB9FF400553064 /* Pirate Adventure.app */,
				00D1F03B19AB9FF400553064 /* Pirate AdventureTests.xctest */,
			);
			name = Products;
			sourceTree = "<group>";
		};
		00D1F01C19AB9FF400553064 /* Frameworks */ = {
			isa = PBXGroup;
			children = (
				00D1F01D19AB9FF400553064 /* Foundation.framework */,
				00D1F01F19AB9FF400553064 /* CoreGraphics.framework */,
				00D1F02119AB9FF400553064 /* UIKit.framework */,
				00D1F03C19AB9FF400553064 /* XCTest.framework */,
			);
			name = Frameworks;
			sourceTree = "<group>";
		};
		00D1F02319AB9FF400553064 /* Pirate Adventure */ = {
			isa = PBXGroup;
			children = (
				00D1F02C19AB9FF400553064 /* GLAppDelegate.h */,
				00D1F02D19AB9FF400553064 /* GLAppDelegate.m */,
				00D1F02F19AB9FF400553064 /* Main.storyboard */,
				00D1F03219AB9FF400553064 /* GLViewController.h */,
				00D1F03319AB9FF400553064 /* GLViewController.m */,
				00D1F03519AB9FF400553064 /* Images.xcassets */,
				00D1F02419AB9FF400553064 /* Supporting Files */,
			);
			path = "Pirate Adventure";
			sourceTree = "<group>";
		};
		00D1F02419AB9FF400553064 /* Supporting Files */ = {
			isa = PBXGroup;
			children = (
				00D1F02519AB9FF400553064 /* Pirate Adventure-Info.plist */,
				00D1F02619AB9FF400553064 /* InfoPlist.strings */,
				00D1F02919AB9FF400553064 /* main.m */,
				00D1F02B19AB9FF400553064 /* Pirate Adventure-Prefix.pch */,
			);
			name = "Supporting Files";
			sourceTree = "<group>";
		};
		00D1F04219AB9FF400553064 /* Pirate AdventureTests */ = {
			isa = PBXGroup;
			children = (
				00D1F04819AB9FF400553064 /* Pirate_AdventureTests.m */,
				00D1F04319AB9FF400553064 /* Supporting Files */,
			);
			path = "Pirate AdventureTests";
			sourceTree = "<group>";
		};
		00D1F04319AB9FF400553064 /* Supporting Files */ = {
			isa = PBXGroup;
			children = (
				00D1F04419AB9FF400553064 /* Pirate AdventureTests-Info.plist */,
				00D1F04519AB9FF400553064 /* InfoPlist.strings */,
			);
			name = "Supporting Files";
			sourceTree = "<group>";
		};
/* End PBXGroup section */

/* Begin PBXNativeTarget section */
		00D1F01919AB9FF400553064 /* Pirate Adventure */ = {
			isa = PBXNativeTarget;
			buildConfigurationList = 00D1F04C19AB9FF400553064 /* Build configuration list for PBXNativeTarget "Pirate Adventure" */;
			buildPhases = (
				00D1F01619AB9FF400553064 /* Sources */,
				00D1F01719AB9FF400553064 /* Frameworks */,
				00D1F01819AB9FF400553064 /* Resources */,
			);
			buildRules = (
			);
			dependencies = (
			);
			name = "Pirate Adventure";
			productName = "Pirate Adventure";
			productReference = 00D1F01A19AB9FF400553064 /* Pirate Adventure.app */;
			productType = "com.apple.product-type.application";
		};
		00D1F03A19AB9FF400553064 /* Pirate AdventureTests */ = {
			isa = PBXNativeTarget;
			buildConfigurationList = 00D1F04F19AB9FF400553064 /* Build configuration list for PBXNativeTarget "Pirate AdventureTests" */;
			buildPhases = (
				00D1F03719AB9FF400553064 /* Sources */,
				00D1F03819AB9FF400553064 /* Frameworks */,
				00D1F03919AB9FF400553064 /* Resources */,
			);
			buildRules = (
			);
			dependencies = (
				00D1F04119AB9FF400553064 /* PBXTargetDependency */,
			);
			name = "Pirate AdventureTests";
			productName = "Pirate AdventureTests";
			productReference = 00D1F03B19AB9FF400553064 /* Pirate AdventureTests.xctest */;
			productType = "com.apple.product-type.bundle.unit-test";
		};
/* End PBXNativeTarget section */

/* Begin PBXProject section */
		00D1F01219AB9FF400553064 /* Project object */ = {
			isa = PBXProject;
			attributes = {
				CLASSPREFIX = GL;
				LastUpgradeCheck = 0510;
				ORGANIZATIONNAME = "Gab Labs";
				TargetAttributes = {
					00D1F03A19AB9FF400553064 = {
						TestTargetID = 00D1F01919AB9FF400553064;
					};
				};
			};
			buildConfigurationList = 00D1F01519AB9FF400553064 /* Build configuration list for PBXProject "Pirate Adventure" */;
			compatibilityVersion = "Xcode 3.2";
			developmentRegion = English;
			hasScannedForEncodings = 0;
			knownRegions = (
				en,
				Base,
			);
			mainGroup = 00D1F01119AB9FF400553064;
			productRefGroup = 00D1F01B19AB9FF400553064 /* Products */;
			projectDirPath = "";
			projectRoot = "";
			targets = (
				00D1F01919AB9FF400553064 /* Pirate Adventure */,
				00D1F03A19AB9FF400553064 /* Pirate AdventureTests */,
			);
		};
/* End PBXProject section */

/* Begin PBXResourcesBuildPhase section */
		00D1F01819AB9FF400553064 /* Resources */ = {
			isa = PBXResourcesBuildPhase;
			buildActionMask = 2147483647;
			files = (
				00D1F03619AB9FF400553064 /* Images.xcassets in Resources */,
				00D1F02819AB9FF400553064 /* InfoPlist.strings in Resources */,
				00D1F03119AB9FF400553064 /* Main.storyboard in Resources */,
			);
			runOnlyForDeploymentPostprocessing = 0;
		};
		00D1F03919AB9FF400553064 /* Resources */ = {
			isa = PBXResourcesBuildPhase;
			buildActionMask = 2147483647;
			files = (
				00D1F04719AB9FF400553064 /* InfoPlist.strings in Resources */,
			);
			runOnlyForDeploymentPostprocessing = 0;
		};
/* End PBXResourcesBuildPhase section */

/* Begin PBXSourcesBuildPhase section */
		00D1F01619AB9FF400553064 /* Sources */ = {
			isa = PBXSourcesBuildPhase;
			buildActionMask = 2147483647;
			files = (
				00D1F02A19AB9FF400553064 /* main.m in Sources */,
				00D1F03419AB9FF400553064 /* GLViewController.m in Sources */,
				00D1F02E19AB9FF400553064 /* GLAppDelegate.m in Sources */,
			);
			runOnlyForDeploymentPostprocessing = 0;
		};
		00D1F03719AB9FF400553064 /* Sources */ = {
			isa = PBXSourcesBuildPhase;
			buildActionMask = 2147483647;
			files = (
				00D1F04919AB9FF400553064 /* Pirate_AdventureTests.m in Sources */,
			);
			runOnlyForDeploymentPostprocessing = 0;
		};
/* End PBXSourcesBuildPhase section */

/* Begin PBXTargetDependency section */
		00D1F04119AB9FF400553064 /* PBXTargetDependency */ = {
			isa = PBXTargetDependency;
			target = 00D1F01919AB9FF400553064 /* Pirate Adventure */;
			targetProxy = 00D1F04019AB9FF400553064 /* PBXContainerItemProxy */;
		};
/* End PBXTargetDependency section */

/* Begin PBXVariantGroup section */
		00D1F02619AB9FF400553064 /* InfoPlist.strings */ = {
			isa = PBXVariantGroup;
			children = (
				00D1F02719AB9FF400553064 /* en */,
			);
			name = InfoPlist.strings;
			sourceTree = "<group>";
		};
		00D1F02F19AB9FF400553064 /* Main.storyboard */ = {
			isa = PBXVariantGroup;
			children = (
				00D1F03019AB9FF400553064 /* Base */,
			);
			name = Main.storyboard;
			sourceTree = "<group>";
		};
		00D1F04519AB9FF400553064 /* InfoPlist.strings */ = {
			isa = PBXVariantGroup;
			children = (
				00D1F04619AB9FF400553064 /* en */,
			);
			name = InfoPlist.strings;
			sourceTree = "<group>";
		};
/* End PBXVariantGroup section */

/* Begin XCBuildConfiguration section */
		00D1F04A19AB9FF400553064 /* Debug */ = {
			isa = XCBuildConfiguration;
			buildSettings = {
				ALWAYS_SEARCH_USER_PATHS = NO;
				CLANG_CXX_LANGUAGE_STANDARD = "gnu++0x";
				CLANG_CXX_LIBRARY = "libc++";
				CLANG_ENABLE_MODULES = YES;
				CLANG_ENABLE_OBJC_ARC = YES;
				CLANG_WARN_BOOL_CONVERSION = YES;
				CLANG_WARN_CONSTANT_CONVERSION = YES;
				CLANG_WARN_DIRECT_OBJC_ISA_USAGE = YES_ERROR;
				CLANG_WARN_EMPTY_BODY = YES;
				CLANG_WARN_ENUM_CONVERSION = YES;
				CLANG_WARN_INT_CONVERSION = YES;
				CLANG_WARN_OBJC_ROOT_CLASS = YES_ERROR;
				CLANG_WARN__DUPLICATE_METHOD_MATCH = YES;
				"CODE_SIGN_IDENTITY[sdk=iphoneos*]" = "iPhone Developer";
				COPY_PHASE_STRIP = NO;
				GCC_C_LANGUAGE_STANDARD = gnu99;
				GCC_DYNAMIC_NO_PIC = NO;
				GCC_OPTIMIZATION_LEVEL = 0;
				GCC_PREPROCESSOR_DEFINITIONS = (
					"DEBUG=1",
					"$(inherited)",
				);
				GCC_SYMBOLS_PRIVATE_EXTERN = NO;
				GCC_WARN_64_TO_32_BIT_CONVERSION = YES;
				GCC_WARN_ABOUT_RETURN_TYPE = YES_ERROR;
				GCC_WARN_UNDECLARED_SELECTOR = YES;
				GCC_WARN_UNINITIALIZED_AUTOS = YES_AGGRESSIVE;
				GCC_WARN_UNUSED_FUNCTION = YES;
				GCC_WARN_UNUSED_VARIABLE = YES;
				IPHONEOS_DEPLOYMENT_TARGET = 7.1;
				ONLY_ACTIVE_ARCH = YES;
				SDKROOT = iphoneos;
			};
			name = Debug;
		};
		00D1F04B19AB9FF400553064 /* Release */ = {
			isa = XCBuildConfiguration;
			buildSettings = {
				ALWAYS_SEARCH_USER_PATHS = NO;
				CLANG_CXX_LANGUAGE_STANDARD = "gnu++0x";
				CLANG_CXX_LIBRARY = "libc++";
				CLANG_ENABLE_MODULES = YES;
				CLANG_ENABLE_OBJC_ARC = YES;
				CLANG_WARN_BOOL_CONVERSION = YES;
				CLANG_WARN_CONSTANT_CONVERSION = YES;
				CLANG_WARN_DIRECT_OBJC_ISA_USAGE = YES_ERROR;
				CLANG_WARN_EMPTY_BODY = YES;
				CLANG_WARN_ENUM_CONVERSION = YES;
				CLANG_WARN_INT_CONVERSION = YES;
				CLANG_WARN_OBJC_ROOT_CLASS = YES_ERROR;
				CLANG_WARN__DUPLICATE_METHOD_MATCH = YES;
				"CODE_SIGN_IDENTITY[sdk=iphoneos*]" = "iPhone Developer";
				COPY_PHASE_STRIP = YES;
				ENABLE_NS_ASSERTIONS = NO;
				GCC_C_LANGUAGE_STANDARD = gnu99;
				GCC_WARN_64_TO_32_BIT_CONVERSION = YES;
				GCC_WARN_ABOUT_RETURN_TYPE = YES_ERROR;
				GCC_WARN_UNDECLARED_SELECTOR = YES;
				GCC_WARN_UNINITIALIZED_AUTOS = YES_AGGRESSIVE;
				GCC_WARN_UNUSED_FUNCTION = YES;
				GCC_WARN_UNUSED_VARIABLE = YES;
				IPHONEOS_DEPLOYMENT_TARGET = 7.1;
				SDKROOT = iphoneos;
				VALIDATE_PRODUCT = YES;
			};
			name = Release;
		};
		00D1F04D19AB9FF400553064 /* Debug */ = {
			isa = XCBuildConfiguration;
			buildSettings = {
				ASSETCATALOG_COMPILER_APPICON_NAME = AppIcon;
				ASSETCATALOG_COMPILER_LAUNCHIMAGE_NAME = LaunchImage;
				GCC_PRECOMPILE_PREFIX_HEADER = YES;
				GCC_PREFIX_HEADER = "Pirate Adventure/Pirate Adventure-Prefix.pch";
				INFOPLIST_FILE = "Pirate Adventure/Pirate Adventure-Info.plist";
				PRODUCT_NAME = "$(TARGET_NAME)";
				WRAPPER_EXTENSION = app;
			};
			name = Debug;
		};
		00D1F04E19AB9FF400553064 /* Release */ = {
			isa = XCBuildConfiguration;
			buildSettings = {
				ASSETCATALOG_COMPILER_APPICON_NAME = AppIcon;
				ASSETCATALOG_COMPILER_LAUNCHIMAGE_NAME = LaunchImage;
				GCC_PRECOMPILE_PREFIX_HEADER = YES;
				GCC_PREFIX_HEADER = "Pirate Adventure/Pirate Adventure-Prefix.pch";
				INFOPLIST_FILE = "Pirate Adventure/Pirate Adventure-Info.plist";
				PRODUCT_NAME = "$(TARGET_NAME)";
				WRAPPER_EXTENSION = app;
			};
			name = Release;
		};
		00D1F05019AB9FF400553064 /* Debug */ = {
			isa = XCBuildConfiguration;
			buildSettings = {
				BUNDLE_LOADER = "$(BUILT_PRODUCTS_DIR)/Pirate Adventure.app/Pirate Adventure";
				FRAMEWORK_SEARCH_PATHS = (
					"$(SDKROOT)/Developer/Library/Frameworks",
					"$(inherited)",
					"$(DEVELOPER_FRAMEWORKS_DIR)",
				);
				GCC_PRECOMPILE_PREFIX_HEADER = YES;
				GCC_PREFIX_HEADER = "Pirate Adventure/Pirate Adventure-Prefix.pch";
				GCC_PREPROCESSOR_DEFINITIONS = (
					"DEBUG=1",
					"$(inherited)",
				);
				INFOPLIST_FILE = "Pirate AdventureTests/Pirate AdventureTests-Info.plist";
				PRODUCT_NAME = "$(TARGET_NAME)";
				TEST_HOST = "$(BUNDLE_LOADER)";
				WRAPPER_EXTENSION = xctest;
			};
			name = Debug;
		};
		00D1F05119AB9FF400553064 /* Release */ = {
			isa = XCBuildConfiguration;
			buildSettings = {
				BUNDLE_LOADER = "$(BUILT_PRODUCTS_DIR)/Pirate Adventure.app/Pirate Adventure";
				FRAMEWORK_SEARCH_PATHS = (
					"$(SDKROOT)/Developer/Library/Frameworks",
					"$(inherited)",
					"$(DEVELOPER_FRAMEWORKS_DIR)",
				);
				GCC_PRECOMPILE_PREFIX_HEADER = YES;
				GCC_PREFIX_HEADER = "Pirate Adventure/Pirate Adventure-Prefix.pch";
				INFOPLIST_FILE = "Pirate AdventureTests/Pirate AdventureTests-Info.plist";
				PRODUCT_NAME = "$(TARGET_NAME)";
				TEST_HOST = "$(BUNDLE_LOADER)";
				WRAPPER_EXTENSION = xctest;
			};
			name = Release;
		};
/* End XCBuildConfiguration section */

/* Begin XCConfigurationList section */
		00D1F01519AB9FF400553064 /* Build configuration list for PBXProject "Pirate Adventure" */ = {
			isa = XCConfigurationList;
			buildConfigurations = (
				00D1F04A19AB9FF400553064 /* Debug */,
				00D1F04B19AB9FF400553064 /* Release */,
			);
			defaultConfigurationIsVisible = 0;
			defaultConfigurationName = Release;
		};
		00D1F04C19AB9FF400553064 /* Build configuration list for PBXNativeTarget "Pirate Adventure" */ = {
			isa = XCConfigurationList;
			buildConfigurations = (
				00D1F04D19AB9FF400553064 /* Debug */,
				00D1F04E19AB9FF400553064 /* Release */,
			);
			defaultConfigurationIsVisible = 0;
		};
		00D1F04F19AB9FF400553064 /* Build configuration list for PBXNativeTarget "Pirate AdventureTests" */ = {
			isa = XCConfigurationList;
			buildConfigurations = (
				00D1F05019AB9FF400553064 /* Debug */,
				00D1F05119AB9FF400553064 /* Release */,
			);
			defaultConfigurationIsVisible = 0;
		};
/* End XCConfigurationList section */
	};
	rootObject = 00D1F01219AB9FF400553064 /* Project object */;
}
